
Microsoft Visual Studio Solution File, Format Version 12.00
# Visual Studio Version 17
VisualStudioVersion = 17.9.34723.18
MinimumVisualStudioVersion = 10.0.40219.1
Project("{9A19103F-16F7-4668-BE54-9A1E7A4F7556}") = "EntityFrameworkExperiments", "EntityFrameworkExperiments\EntityFrameworkExperiments.csproj", "{8B3AA50B-D49A-4450-80ED-3149B3CF7083}"
EndProject
Project("{FAE04EC0-301F-11D3-BF4B-00C04F79EFBC}") = "People.Core", "People.Core\People.Core.csproj", "{DC9ED87F-0F22-4EFE-9E1D-426812AD3E0D}"
EndProject
Global
	GlobalSection(SolutionConfigurationPlatforms) = preSolution
		Debug|Any CPU = Debug|Any CPU
		Release|Any CPU = Release|Any CPU
	EndGlobalSection
	GlobalSection(ProjectConfigurationPlatforms) = postSolution
		{8B3AA50B-D49A-4450-80ED-3149B3CF7083}.Debug|Any CPU.ActiveCfg = Debug|Any CPU
		{8B3AA50B-D49A-4450-80ED-3149B3CF7083}.Debug|Any CPU.Build.0 = Debug|Any CPU
		{8B3AA50B-D49A-4450-80ED-3149B3CF7083}.Release|Any CPU.ActiveCfg = Release|Any CPU
		{8B3AA50B-D49A-4450-80ED-3149B3CF7083}.Release|Any CPU.Build.0 = Release|Any CPU
		{DC9ED87F-0F22-4EFE-9E1D-426812AD3E0D}.Debug|Any CPU.ActiveCfg = Debug|Any CPU
		{DC9ED87F-0F22-4EFE-9E1D-426812AD3E0D}.Debug|Any CPU.Build.0 = Debug|Any CPU
		{DC9ED87F-0F22-4EFE-9E1D-426812AD3E0D}.Release|Any CPU.ActiveCfg = Release|Any CPU
		{DC9ED87F-0F22-4EFE-9E1D-426812AD3E0D}.Release|Any CPU.Build.0 = Release|Any CPU
	EndGlobalSection
	GlobalSection(SolutionProperties) = preSolution
		HideSolutionNode = FALSE
	EndGlobalSection
	GlobalSection(ExtensibilityGlobals) = postSolution
		SolutionGuid = {28D76BE0-543A-40F4-B947-F59A57BDE1B8}
	EndGlobalSection
EndGlobal
